
Microsoft Visual Studio Solution File, Format Version 12.00
# Visual Studio Version 16
VisualStudioVersion = 16.0.31019.35
MinimumVisualStudioVersion = 10.0.40219.1
Project("{9A19103F-16F7-4668-BE54-9A1E7A4F7556}") = "EmailClient", "EmailClient\EmailClient.csproj", "{8400604B-A400-4349-8C0E-3A25E93A0E84}"
EndProject
Project("{FAE04EC0-301F-11D3-BF4B-00C04F79EFBC}") = "EmailClientTests", "EmailClientTests\EmailClientTests.csproj", "{852D610B-6457-4482-A686-4363520F3CF7}"
EndProject
Global
	GlobalSection(SolutionConfigurationPlatforms) = preSolution
		Debug|Any CPU = Debug|Any CPU
		Release|Any CPU = Release|Any CPU
	EndGlobalSection
	GlobalSection(ProjectConfigurationPlatforms) = postSolution
		{8400604B-A400-4349-8C0E-3A25E93A0E84}.Debug|Any CPU.ActiveCfg = Debug|Any CPU
		{8400604B-A400-4349-8C0E-3A25E93A0E84}.Debug|Any CPU.Build.0 = Debug|Any CPU
		{8400604B-A400-4349-8C0E-3A25E93A0E84}.Release|Any CPU.ActiveCfg = Release|Any CPU
		{8400604B-A400-4349-8C0E-3A25E93A0E84}.Release|Any CPU.Build.0 = Release|Any CPU
		{852D610B-6457-4482-A686-4363520F3CF7}.Debug|Any CPU.ActiveCfg = Debug|Any CPU
		{852D610B-6457-4482-A686-4363520F3CF7}.Debug|Any CPU.Build.0 = Debug|Any CPU
		{852D610B-6457-4482-A686-4363520F3CF7}.Release|Any CPU.ActiveCfg = Release|Any CPU
		{852D610B-6457-4482-A686-4363520F3CF7}.Release|Any CPU.Build.0 = Release|Any CPU
	EndGlobalSection
	GlobalSection(SolutionProperties) = preSolution
		HideSolutionNode = FALSE
	EndGlobalSection
	GlobalSection(ExtensibilityGlobals) = postSolution
		SolutionGuid = {D330AC27-0251-4739-91F6-9954C63D13CC}
	EndGlobalSection
EndGlobal
